Microsoft Visual Studio Solution File, Format Version 12.00
# Visual Studio Version 17
VisualStudioVersion = 17.5.2.0
MinimumVisualStudioVersion = 10.0.40219.1
Project("{FAE04EC0-301F-11D3-BF4B-00C04F79EFBC}") = "PO_Sklep-Mang", "PO_Sklep-Mang.csproj", "{367C2AD2-176D-938F-0838-9A887F10166E}"
EndProject
Global
	GlobalSection(SolutionConfigurationPlatforms) = preSolution
		Debug|Any CPU = Debug|Any CPU
		Release|Any CPU = Release|Any CPU
	EndGlobalSection
	GlobalSection(ProjectConfigurationPlatforms) = postSolution
		{367C2AD2-176D-938F-0838-9A887F10166E}.Debug|Any CPU.ActiveCfg = Debug|Any CPU
		{367C2AD2-176D-938F-0838-9A887F10166E}.Debug|Any CPU.Build.0 = Debug|Any CPU
		{367C2AD2-176D-938F-0838-9A887F10166E}.Release|Any CPU.ActiveCfg = Release|Any CPU
		{367C2AD2-176D-938F-0838-9A887F10166E}.Release|Any CPU.Build.0 = Release|Any CPU
	EndGlobalSection
	GlobalSection(SolutionProperties) = preSolution
		HideSolutionNode = FALSE
	EndGlobalSection
	GlobalSection(ExtensibilityGlobals) = postSolution
		SolutionGuid = {2E0551BF-206E-4FE3-8A1E-294E96E10335}
	EndGlobalSection
EndGlobal
